
Microsoft Visual Studio Solution File, Format Version 12.00
# Visual Studio Version 16
VisualStudioVersion = 16.0.31424.327
MinimumVisualStudioVersion = 10.0.40219.1
Project("{9A19103F-16F7-4668-BE54-9A1E7A4F7556}") = "MyTodoApp", "MyTodoApp.csproj", "{EF321C29-91FC-454E-8ECF-D235A180B222}"
EndProject
Global
	GlobalSection(SolutionConfigurationPlatforms) = preSolution
		Debug|Any CPU = Debug|Any CPU
		Release|Any CPU = Release|Any CPU
	EndGlobalSection
	GlobalSection(ProjectConfigurationPlatforms) = postSolution
		{EF321C29-91FC-454E-8ECF-D235A180B222}.Debug|Any CPU.ActiveCfg = Debug|Any CPU
		{EF321C29-91FC-454E-8ECF-D235A180B222}.Debug|Any CPU.Build.0 = Debug|Any CPU
		{EF321C29-91FC-454E-8ECF-D235A180B222}.Release|Any CPU.ActiveCfg = Release|Any CPU
		{EF321C29-91FC-454E-8ECF-D235A180B222}.Release|Any CPU.Build.0 = Release|Any CPU
	EndGlobalSection
	GlobalSection(SolutionProperties) = preSolution
		HideSolutionNode = FALSE
	EndGlobalSection
	GlobalSection(ExtensibilityGlobals) = postSolution
		SolutionGuid = {1C0880BE-E6B9-42AF-AA66-AF7DF14C1004}
	EndGlobalSection
EndGlobal
